// !$*UTF8*$!
{
	archiveVersion = 1;
	classes = {
	};
	objectVersion = 48;
	objects = {

/* Begin PBXBuildFile section */
		8CB13623E5C2BFADC59FE482 /* Pods_Wheathered.framework in Frameworks */ = {isa = PBXBuildFile; fileRef = 14965684C101B0338F3FF742 /* Pods_Wheathered.framework */; };
		DF0E73C71FDA12D80099079F /* WheatherService.swift in Sources */ = {isa = PBXBuildFile; fileRef = DF0E73C61FDA12D80099079F /* WheatherService.swift */; };
		DF29E8491FD8938800C581B4 /* AppDelegate.swift in Sources */ = {isa = PBXBuildFile; fileRef = DF29E8481FD8938800C581B4 /* AppDelegate.swift */; };
		DF29E84B1FD8938800C581B4 /* WheatherVC.swift in Sources */ = {isa = PBXBuildFile; fileRef = DF29E84A1FD8938800C581B4 /* WheatherVC.swift */; };
		DF29E84D1FD8938800C581B4 /* Assets.xcassets in Resources */ = {isa = PBXBuildFile; fileRef = DF29E84C1FD8938800C581B4 /* Assets.xcassets */; };
		DF29E8501FD8938800C581B4 /* Main.storyboard in Resources */ = {isa = PBXBuildFile; fileRef = DF29E84E1FD8938800C581B4 /* Main.storyboard */; };
		DFC6540B1FD9EC8100282BE4 /* WheatherCell.xib in Resources */ = {isa = PBXBuildFile; fileRef = DFC6540A1FD9EC8100282BE4 /* WheatherCell.xib */; };
		DFC6540D1FD9ECC800282BE4 /* WheatherCell.swift in Sources */ = {isa = PBXBuildFile; fileRef = DFC6540C1FD9ECC800282BE4 /* WheatherCell.swift */; };
		DFC654121FDA0ADA00282BE4 /* Constants.swift in Sources */ = {isa = PBXBuildFile; fileRef = DFC654111FDA0ADA00282BE4 /* Constants.swift */; };
/* End PBXBuildFile section */

/* Begin PBXFileReference section */
		14965684C101B0338F3FF742 /* Pods_Wheathered.framework */ = {isa = PBXFileReference; explicitFileType = wrapper.framework; includeInIndex = 0; path = Pods_Wheathered.framework; sourceTree = BUILT_PRODUCTS_DIR; };
		200838011FBE5143802B55D4 /* Pods-Wheathered.debug.xcconfig */ = {isa = PBXFileReference; includeInIndex = 1; lastKnownFileType = text.xcconfig; name = "Pods-Wheathered.debug.xcconfig"; path = "Pods/Target Support Files/Pods-Wheathered/Pods-Wheathered.debug.xcconfig"; sourceTree = "<group>"; };
		B9D51D8BA27BEC5D0C363CFC /* Pods-Wheathered.release.xcconfig */ = {isa = PBXFileReference; includeInIndex = 1; lastKnownFileType = text.xcconfig; name = "Pods-Wheathered.release.xcconfig"; path = "Pods/Target Support Files/Pods-Wheathered/Pods-Wheathered.release.xcconfig"; sourceTree = "<group>"; };
		DF0E73C61FDA12D80099079F /* WheatherService.swift */ = {isa = PBXFileReference; lastKnownFileType = sourcecode.swift; path = WheatherService.swift; sourceTree = "<group>"; };
		DF29E8451FD8938800C581B4 /* Wheathered.app */ = {isa = PBXFileReference; explicitFileType = wrapper.application; includeInIndex = 0; path = Wheathered.app; sourceTree = BUILT_PRODUCTS_DIR; };
		DF29E8481FD8938800C581B4 /* AppDelegate.swift */ = {isa = PBXFileReference; lastKnownFileType = sourcecode.swift; path = AppDelegate.swift; sourceTree = "<group>"; };
		DF29E84A1FD8938800C581B4 /* WheatherVC.swift */ = {isa = PBXFileReference; lastKnownFileType = sourcecode.swift; path = WheatherVC.swift; sourceTree = "<group>"; };
		DF29E84C1FD8938800C581B4 /* Assets.xcassets */ = {isa = PBXFileReference; lastKnownFileType = folder.assetcatalog; path = Assets.xcassets; sourceTree = "<group>"; };
		DF29E84F1FD8938800C581B4 /* Base */ = {isa = PBXFileReference; lastKnownFileType = file.storyboard; name = Base; path = Base.lproj/Main.storyboard; sourceTree = "<group>"; };
		DF29E8511FD8938800C581B4 /* Info.plist */ = {isa = PBXFileReference; lastKnownFileType = text.plist.xml; path = Info.plist; sourceTree = "<group>"; };
		DF29E8521FD8938800C581B4 /* Wheathered.entitlements */ = {isa = PBXFileReference; lastKnownFileType = text.plist.entitlements; path = Wheathered.entitlements; sourceTree = "<group>"; };
		DFC6540A1FD9EC8100282BE4 /* WheatherCell.xib */ = {isa = PBXFileReference; lastKnownFileType = file.xib; path = WheatherCell.xib; sourceTree = "<group>"; };
		DFC6540C1FD9ECC800282BE4 /* WheatherCell.swift */ = {isa = PBXFileReference; lastKnownFileType = sourcecode.swift; path = WheatherCell.swift; sourceTree = "<group>"; };
		DFC654111FDA0ADA00282BE4 /* Constants.swift */ = {isa = PBXFileReference; lastKnownFileType = sourcecode.swift; path = Constants.swift; sourceTree = "<group>"; };
/* End PBXFileReference section */

/* Begin PBXFrameworksBuildPhase section */
		DF29E8421FD8938800C581B4 /* Frameworks */ = {
			isa = PBXFrameworksBuildPhase;
			buildActionMask = 2147483647;
			files = (
				8CB13623E5C2BFADC59FE482 /* Pods_Wheathered.framework in Frameworks */,
			);
			runOnlyForDeploymentPostprocessing = 0;
		};
/* End PBXFrameworksBuildPhase section */

/* Begin PBXGroup section */
		3D3EDE84F124D39584BE36A1 /* Pods */ = {
			isa = PBXGroup;
			children = (
				200838011FBE5143802B55D4 /* Pods-Wheathered.debug.xcconfig */,
				B9D51D8BA27BEC5D0C363CFC /* Pods-Wheathered.release.xcconfig */,
			);
			name = Pods;
			sourceTree = "<group>";
		};
		86B18EA574127033AE782D63 /* Frameworks */ = {
			isa = PBXGroup;
			children = (
				14965684C101B0338F3FF742 /* Pods_Wheathered.framework */,
			);
			name = Frameworks;
			sourceTree = "<group>";
		};
		DF0E73C51FDA12C10099079F /* Services */ = {
			isa = PBXGroup;
			children = (
				DF0E73C61FDA12D80099079F /* WheatherService.swift */,
			);
			path = Services;
			sourceTree = "<group>";
		};
		DF29E83C1FD8938800C581B4 = {
			isa = PBXGroup;
			children = (
				DF29E8471FD8938800C581B4 /* Wheathered */,
				DF29E8461FD8938800C581B4 /* Products */,
				3D3EDE84F124D39584BE36A1 /* Pods */,
				86B18EA574127033AE782D63 /* Frameworks */,
			);
			sourceTree = "<group>";
		};
		DF29E8461FD8938800C581B4 /* Products */ = {
			isa = PBXGroup;
			children = (
				DF29E8451FD8938800C581B4 /* Wheathered.app */,
			);
			name = Products;
			sourceTree = "<group>";
		};
		DF29E8471FD8938800C581B4 /* Wheathered */ = {
			isa = PBXGroup;
			children = (
				DF0E73C51FDA12C10099079F /* Services */,
				DFC654101FDA0ABE00282BE4 /* Utilities */,
				DFC654061FD9EBFD00282BE4 /* Model */,
				DFC654071FD9EC0900282BE4 /* View */,
				DFC654081FD9EC1800282BE4 /* Controller */,
				DFC654091FD9EC4800282BE4 /* Xibs */,
				DF29E8481FD8938800C581B4 /* AppDelegate.swift */,
				DF29E84C1FD8938800C581B4 /* Assets.xcassets */,
				DF29E84E1FD8938800C581B4 /* Main.storyboard */,
				DF29E8511FD8938800C581B4 /* Info.plist */,
				DF29E8521FD8938800C581B4 /* Wheathered.entitlements */,
			);
			path = Wheathered;
			sourceTree = "<group>";
		};
		DFC654061FD9EBFD00282BE4 /* Model */ = {
			isa = PBXGroup;
			children = (
			);
			path = Model;
			sourceTree = "<group>";
		};
		DFC654071FD9EC0900282BE4 /* View */ = {
			isa = PBXGroup;
			children = (
				DFC6540C1FD9ECC800282BE4 /* WheatherCell.swift */,
			);
			path = View;
			sourceTree = "<group>";
		};
		DFC654081FD9EC1800282BE4 /* Controller */ = {
			isa = PBXGroup;
			children = (
				DF29E84A1FD8938800C581B4 /* WheatherVC.swift */,
			);
			path = Controller;
			sourceTree = "<group>";
		};
		DFC654091FD9EC4800282BE4 /* Xibs */ = {
			isa = PBXGroup;
			children = (
				DFC6540A1FD9EC8100282BE4 /* WheatherCell.xib */,
			);
			path = Xibs;
			sourceTree = "<group>";
		};
		DFC654101FDA0ABE00282BE4 /* Utilities */ = {
			isa = PBXGroup;
			children = (
				DFC654111FDA0ADA00282BE4 /* Constants.swift */,
			);
			path = Utilities;
			sourceTree = "<group>";
		};
/* End PBXGroup section */

/* Begin PBXNativeTarget section */
		DF29E8441FD8938800C581B4 /* Wheathered */ = {
			isa = PBXNativeTarget;
			buildConfigurationList = DF29E8551FD8938800C581B4 /* Build configuration list for PBXNativeTarget "Wheathered" */;
			buildPhases = (
				DFCE56FA62ACB1E59A92AC1C /* [CP] Check Pods Manifest.lock */,
				DF29E8411FD8938800C581B4 /* Sources */,
				DF29E8421FD8938800C581B4 /* Frameworks */,
				DF29E8431FD8938800C581B4 /* Resources */,
				750F25925CF93F048C955BD9 /* [CP] Embed Pods Frameworks */,
				E68DB53223ED42F2EE854F7F /* [CP] Copy Pods Resources */,
			);
			buildRules = (
			);
			dependencies = (
			);
			name = Wheathered;
			productName = Wheathered;
			productReference = DF29E8451FD8938800C581B4 /* Wheathered.app */;
			productType = "com.apple.product-type.application";
		};
/* End PBXNativeTarget section */

/* Begin PBXProject section */
		DF29E83D1FD8938800C581B4 /* Project object */ = {
			isa = PBXProject;
			attributes = {
				LastSwiftUpdateCheck = 0920;
				LastUpgradeCheck = 0920;
				ORGANIZATIONNAME = "Alex Azarov";
				TargetAttributes = {
					DF29E8441FD8938800C581B4 = {
						CreatedOnToolsVersion = 9.2;
						LastSwiftMigration = 0920;
						ProvisioningStyle = Automatic;
						SystemCapabilities = {
							com.apple.Sandbox = {
								enabled = 0;
							};
						};
					};
				};
			};
			buildConfigurationList = DF29E8401FD8938800C581B4 /* Build configuration list for PBXProject "Wheathered" */;
			compatibilityVersion = "Xcode 8.0";
			developmentRegion = en;
			hasScannedForEncodings = 0;
			knownRegions = (
				en,
				Base,
			);
			mainGroup = DF29E83C1FD8938800C581B4;
			productRefGroup = DF29E8461FD8938800C581B4 /* Products */;
			projectDirPath = "";
			projectRoot = "";
			targets = (
				DF29E8441FD8938800C581B4 /* Wheathered */,
			);
		};
/* End PBXProject section */

/* Begin PBXResourcesBuildPhase section */
		DF29E8431FD8938800C581B4 /* Resources */ = {
			isa = PBXResourcesBuildPhase;
			buildActionMask = 2147483647;
			files = (
				DF29E84D1FD8938800C581B4 /* Assets.xcassets in Resources */,
				DFC6540B1FD9EC8100282BE4 /* WheatherCell.xib in Resources */,
				DF29E8501FD8938800C581B4 /* Main.storyboard in Resources */,
			);
			runOnlyForDeploymentPostprocessing = 0;
		};
/* End PBXResourcesBuildPhase section */

/* Begin PBXShellScriptBuildPhase section */
		750F25925CF93F048C955BD9 /* [CP] Embed Pods Frameworks */ = {
			isa = PBXShellScriptBuildPhase;
			buildActionMask = 2147483647;
			files = (
			);
			inputPaths = (
				"${SRCROOT}/Pods/Target Support Files/Pods-Wheathered/Pods-Wheathered-frameworks.sh",
				"${BUILT_PRODUCTS_DIR}/Alamofire/Alamofire.framework",
				"${BUILT_PRODUCTS_DIR}/SwiftyJSON/SwiftyJSON.framework",
			);
			name = "[CP] Embed Pods Frameworks";
			outputPaths = (
				"${TARGET_BUILD_DIR}/${FRAMEWORKS_FOLDER_PATH}/Alamofire.framework",
				"${TARGET_BUILD_DIR}/${FRAMEWORKS_FOLDER_PATH}/SwiftyJSON.framework",
			);
			runOnlyForDeploymentPostprocessing = 0;
			shellPath = /bin/sh;
			shellScript = "\"${SRCROOT}/Pods/Target Support Files/Pods-Wheathered/Pods-Wheathered-frameworks.sh\"\n";
			showEnvVarsInLog = 0;
		};
		DFCE56FA62ACB1E59A92AC1C /* [CP] Check Pods Manifest.lock */ = {
			isa = PBXShellScriptBuildPhase;
			buildActionMask = 2147483647;
			files = (
			);
			inputPaths = (
				"${PODS_PODFILE_DIR_PATH}/Podfile.lock",
				"${PODS_ROOT}/Manifest.lock",
			);
			name = "[CP] Check Pods Manifest.lock";
			outputPaths = (
				"$(DERIVED_FILE_DIR)/Pods-Wheathered-checkManifestLockResult.txt",
			);
			runOnlyForDeploymentPostprocessing = 0;
			shellPath = /bin/sh;
			shellScript = "diff \"${PODS_PODFILE_DIR_PATH}/Podfile.lock\" \"${PODS_ROOT}/Manifest.lock\" > /dev/null\nif [ $? != 0 ] ; then\n    # print error to STDERR\n    echo \"error: The sandbox is not in sync with the Podfile.lock. Run 'pod install' or update your CocoaPods installation.\" >&2\n    exit 1\nfi\n# This output is used by Xcode 'outputs' to avoid re-running this script phase.\necho \"SUCCESS\" > \"${SCRIPT_OUTPUT_FILE_0}\"\n";
			showEnvVarsInLog = 0;
		};
		E68DB53223ED42F2EE854F7F /* [CP] Copy Pods Resources */ = {
			isa = PBXShellScriptBuildPhase;
			buildActionMask = 2147483647;
			files = (
			);
			inputPaths = (
			);
			name = "[CP] Copy Pods Resources";
			outputPaths = (
			);
			runOnlyForDeploymentPostprocessing = 0;
			shellPath = /bin/sh;
			shellScript = "\"${SRCROOT}/Pods/Target Support Files/Pods-Wheathered/Pods-Wheathered-resources.sh\"\n";
			showEnvVarsInLog = 0;
		};
/* End PBXShellScriptBuildPhase section */

/* Begin PBXSourcesBuildPhase section */
		DF29E8411FD8938800C581B4 /* Sources */ = {
			isa = PBXSourcesBuildPhase;
			buildActionMask = 2147483647;
			files = (
				DF0E73C71FDA12D80099079F /* WheatherService.swift in Sources */,
				DF29E84B1FD8938800C581B4 /* WheatherVC.swift in Sources */,
				DF29E8491FD8938800C581B4 /* AppDelegate.swift in Sources */,
				DFC6540D1FD9ECC800282BE4 /* WheatherCell.swift in Sources */,
				DFC654121FDA0ADA00282BE4 /* Constants.swift in Sources */,
			);
			runOnlyForDeploymentPostprocessing = 0;
		};
/* End PBXSourcesBuildPhase section */

/* Begin PBXVariantGroup section */
		DF29E84E1FD8938800C581B4 /* Main.storyboard */ = {
			isa = PBXVariantGroup;
			children = (
				DF29E84F1FD8938800C581B4 /* Base */,
			);
			name = Main.storyboard;
			sourceTree = "<group>";
		};
/* End PBXVariantGroup section */

/* Begin XCBuildConfiguration section */
		DF29E8531FD8938800C581B4 /* Debug */ = {
			isa = XCBuildConfiguration;
			buildSettings = {
				ALWAYS_SEARCH_USER_PATHS = NO;
				CLANG_ANALYZER_NONNULL = YES;
				CLANG_ANALYZER_NUMBER_OBJECT_CONVERSION = YES_AGGRESSIVE;
				CLANG_CXX_LANGUAGE_STANDARD = "gnu++14";
				CLANG_CXX_LIBRARY = "libc++";
				CLANG_ENABLE_MODULES = YES;
				CLANG_ENABLE_OBJC_ARC = YES;
				CLANG_WARN_BLOCK_CAPTURE_AUTORELEASING = YES;
				CLANG_WARN_BOOL_CONVERSION = YES;
				CLANG_WARN_COMMA = YES;
				CLANG_WARN_CONSTANT_CONVERSION = YES;
				CLANG_WARN_DIRECT_OBJC_ISA_USAGE = YES_ERROR;
				CLANG_WARN_DOCUMENTATION_COMMENTS = YES;
				CLANG_WARN_EMPTY_BODY = YES;
				CLANG_WARN_ENUM_CONVERSION = YES;
				CLANG_WARN_INFINITE_RECURSION = YES;
				CLANG_WARN_INT_CONVERSION = YES;
				CLANG_WARN_NON_LITERAL_NULL_CONVERSION = YES;
				CLANG_WARN_OBJC_LITERAL_CONVERSION = YES;
				CLANG_WARN_OBJC_ROOT_CLASS = YES_ERROR;
				CLANG_WARN_RANGE_LOOP_ANALYSIS = YES;
				CLANG_WARN_STRICT_PROTOTYPES = YES;
				CLANG_WARN_SUSPICIOUS_MOVE = YES;
				CLANG_WARN_UNGUARDED_AVAILABILITY = YES_AGGRESSIVE;
				CLANG_WARN_UNREACHABLE_CODE = YES;
				CLANG_WARN__DUPLICATE_METHOD_MATCH = YES;
				CODE_SIGN_IDENTITY = "Mac Developer";
				COPY_PHASE_STRIP = NO;
				DEBUG_INFORMATION_FORMAT = dwarf;
				ENABLE_STRICT_OBJC_MSGSEND = YES;
				ENABLE_TESTABILITY = YES;
				GCC_C_LANGUAGE_STANDARD = gnu11;
				GCC_DYNAMIC_NO_PIC = NO;
				GCC_NO_COMMON_BLOCKS = YES;
				GCC_OPTIMIZATION_LEVEL = 0;
				GCC_PREPROCESSOR_DEFINITIONS = (
					"DEBUG=1",
					"$(inherited)",
				);
				GCC_WARN_64_TO_32_BIT_CONVERSION = YES;
				GCC_WARN_ABOUT_RETURN_TYPE = YES_ERROR;
				GCC_WARN_UNDECLARED_SELECTOR = YES;
				GCC_WARN_UNINITIALIZED_AUTOS = YES_AGGRESSIVE;
				GCC_WARN_UNUSED_FUNCTION = YES;
				GCC_WARN_UNUSED_VARIABLE = YES;
				MACOSX_DEPLOYMENT_TARGET = 10.13;
				MTL_ENABLE_DEBUG_INFO = YES;
				ONLY_ACTIVE_ARCH = YES;
				SDKROOT = macosx;
				SWIFT_ACTIVE_COMPILATION_CONDITIONS = DEBUG;
				SWIFT_OPTIMIZATION_LEVEL = "-Onone";
			};
			name = Debug;
		};
		DF29E8541FD8938800C581B4 /* Release */ = {
			isa = XCBuildConfiguration;
			buildSettings = {
				ALWAYS_SEARCH_USER_PATHS = NO;
				CLANG_ANALYZER_NONNULL = YES;
				CLANG_ANALYZER_NUMBER_OBJECT_CONVERSION = YES_AGGRESSIVE;
				CLANG_CXX_LANGUAGE_STANDARD = "gnu++14";
				CLANG_CXX_LIBRARY = "libc++";
				CLANG_ENABLE_MODULES = YES;
				CLANG_ENABLE_OBJC_ARC = YES;
				CLANG_WARN_BLOCK_CAPTURE_AUTORELEASING = YES;
				CLANG_WARN_BOOL_CONVERSION = YES;
				CLANG_WARN_COMMA = YES;
				CLANG_WARN_CONSTANT_CONVERSION = YES;
				CLANG_WARN_DIRECT_OBJC_ISA_USAGE = YES_ERROR;
				CLANG_WARN_DOCUMENTATION_COMMENTS = YES;
				CLANG_WARN_EMPTY_BODY = YES;
				CLANG_WARN_ENUM_CONVERSION = YES;
				CLANG_WARN_INFINITE_RECURSION = YES;
				CLANG_WARN_INT_CONVERSION = YES;
				CLANG_WARN_NON_LITERAL_NULL_CONVERSION = YES;
				CLANG_WARN_OBJC_LITERAL_CONVERSION = YES;
				CLANG_WARN_OBJC_ROOT_CLASS = YES_ERROR;
				CLANG_WARN_RANGE_LOOP_ANALYSIS = YES;
				CLANG_WARN_STRICT_PROTOTYPES = YES;
				CLANG_WARN_SUSPICIOUS_MOVE = YES;
				CLANG_WARN_UNGUARDED_AVAILABILITY = YES_AGGRESSIVE;
				CLANG_WARN_UNREACHABLE_CODE = YES;
				CLANG_WARN__DUPLICATE_METHOD_MATCH = YES;
				CODE_SIGN_IDENTITY = "Mac Developer";
				COPY_PHASE_STRIP = NO;
				DEBUG_INFORMATION_FORMAT = "dwarf-with-dsym";
				ENABLE_NS_ASSERTIONS = NO;
				ENABLE_STRICT_OBJC_MSGSEND = YES;
				GCC_C_LANGUAGE_STANDARD = gnu11;
				GCC_NO_COMMON_BLOCKS = YES;
				GCC_WARN_64_TO_32_BIT_CONVERSION = YES;
				GCC_WARN_ABOUT_RETURN_TYPE = YES_ERROR;
				GCC_WARN_UNDECLARED_SELECTOR = YES;
				GCC_WARN_UNINITIALIZED_AUTOS = YES_AGGRESSIVE;
				GCC_WARN_UNUSED_FUNCTION = YES;
				GCC_WARN_UNUSED_VARIABLE = YES;
				MACOSX_DEPLOYMENT_TARGET = 10.13;
				MTL_ENABLE_DEBUG_INFO = NO;
				SDKROOT = macosx;
				SWIFT_OPTIMIZATION_LEVEL = "-Owholemodule";
			};
			name = Release;
		};
		DF29E8561FD8938800C581B4 /* Debug */ = {
			isa = XCBuildConfiguration;
			baseConfigurationReference = 200838011FBE5143802B55D4 /* Pods-Wheathered.debug.xcconfig */;
			buildSettings = {
				ASSETCATALOG_COMPILER_APPICON_NAME = AppIcon;
				CODE_SIGN_IDENTITY = "Mac Developer";
				CODE_SIGN_STYLE = Automatic;
				COMBINE_HIDPI_IMAGES = YES;
				DEVELOPMENT_TEAM = CLALR9F4Q5;
				INFOPLIST_FILE = Wheathered/Info.plist;
				LD_RUNPATH_SEARCH_PATHS = "$(inherited) @executable_path/../Frameworks";
				PRODUCT_BUNDLE_IDENTIFIER = by.azarov.Wheathered;
				PRODUCT_NAME = "$(TARGET_NAME)";
				PROVISIONING_PROFILE_SPECIFIER = "";
				SWIFT_VERSION = 3.0;
			};
			name = Debug;
		};
		DF29E8571FD8938800C581B4 /* Release */ = {
			isa = XCBuildConfiguration;
			baseConfigurationReference = B9D51D8BA27BEC5D0C363CFC /* Pods-Wheathered.release.xcconfig */;
			buildSettings = {
				ASSETCATALOG_COMPILER_APPICON_NAME = AppIcon;
				CODE_SIGN_IDENTITY = "Mac Developer";
				CODE_SIGN_STYLE = Automatic;
				COMBINE_HIDPI_IMAGES = YES;
				DEVELOPMENT_TEAM = CLALR9F4Q5;
				INFOPLIST_FILE = Wheathered/Info.plist;
				LD_RUNPATH_SEARCH_PATHS = "$(inherited) @executable_path/../Frameworks";
				PRODUCT_BUNDLE_IDENTIFIER = by.azarov.Wheathered;
				PRODUCT_NAME = "$(TARGET_NAME)";
				PROVISIONING_PROFILE_SPECIFIER = "";
				SWIFT_VERSION = 3.0;
			};
			name = Release;
		};
/* End XCBuildConfiguration section */

/* Begin XCConfigurationList section */
		DF29E8401FD8938800C581B4 /* Build configuration list for PBXProject "Wheathered" */ = {
			isa = XCConfigurationList;
			buildConfigurations = (
				DF29E8531FD8938800C581B4 /* Debug */,
				DF29E8541FD8938800C581B4 /* Release */,
			);
			defaultConfigurationIsVisible = 0;
			defaultConfigurationName = Release;
		};
		DF29E8551FD8938800C581B4 /* Build configuration list for PBXNativeTarget "Wheathered" */ = {
			isa = XCConfigurationList;
			buildConfigurations = (
				DF29E8561FD8938800C581B4 /* Debug */,
				DF29E8571FD8938800C581B4 /* Release */,
			);
			defaultConfigurationIsVisible = 0;
			defaultConfigurationName = Release;
		};
/* End XCConfigurationList section */
	};
	rootObject = DF29E83D1FD8938800C581B4 /* Project object */;
}
